
Microsoft Visual Studio Solution File, Format Version 12.00
# Visual Studio Version 17
VisualStudioVersion = 17.11.35312.102
MinimumVisualStudioVersion = 10.0.40219.1
Project("{FAE04EC0-301F-11D3-BF4B-00C04F79EFBC}") = "MusicApp", "MusicApp\MusicApp.csproj", "{C9B7048B-F2C4-4FC7-8A9B-D3F3E16812DC}"
EndProject
Global
	GlobalSection(SolutionConfigurationPlatforms) = preSolution
		Debug|Any CPU = Debug|Any CPU
		Release|Any CPU = Release|Any CPU
	EndGlobalSection
	GlobalSection(ProjectConfigurationPlatforms) = postSolution
		{C9B7048B-F2C4-4FC7-8A9B-D3F3E16812DC}.Debug|Any CPU.ActiveCfg = Debug|Any CPU
		{C9B7048B-F2C4-4FC7-8A9B-D3F3E16812DC}.Debug|Any CPU.Build.0 = Debug|Any CPU
		{C9B7048B-F2C4-4FC7-8A9B-D3F3E16812DC}.Release|Any CPU.ActiveCfg = Release|Any CPU
		{C9B7048B-F2C4-4FC7-8A9B-D3F3E16812DC}.Release|Any CPU.Build.0 = Release|Any CPU
	EndGlobalSection
	GlobalSection(SolutionProperties) = preSolution
		HideSolutionNode = FALSE
	EndGlobalSection
	GlobalSection(ExtensibilityGlobals) = postSolution
		SolutionGuid = {F915DBE6-CCAB-4AE2-89D4-C47C7692E0DE}
	EndGlobalSection
EndGlobal
